
Microsoft Visual Studio Solution File, Format Version 12.00
# Visual Studio Version 17
VisualStudioVersion = 17.8.34330.188
MinimumVisualStudioVersion = 10.0.40219.1
Project("{FAE04EC0-301F-11D3-BF4B-00C04F79EFBC}") = "GA_Class_MatthewVargas", "GA_Class_MatthewVargas\GA_Class_MatthewVargas.csproj", "{6AA8B8BD-7595-4F48-9A2E-C4A87B6FA549}"
EndProject
Global
	GlobalSection(SolutionConfigurationPlatforms) = preSolution
		Debug|Any CPU = Debug|Any CPU
		Release|Any CPU = Release|Any CPU
	EndGlobalSection
	GlobalSection(ProjectConfigurationPlatforms) = postSolution
		{6AA8B8BD-7595-4F48-9A2E-C4A87B6FA549}.Debug|Any CPU.ActiveCfg = Debug|Any CPU
		{6AA8B8BD-7595-4F48-9A2E-C4A87B6FA549}.Debug|Any CPU.Build.0 = Debug|Any CPU
		{6AA8B8BD-7595-4F48-9A2E-C4A87B6FA549}.Release|Any CPU.ActiveCfg = Release|Any CPU
		{6AA8B8BD-7595-4F48-9A2E-C4A87B6FA549}.Release|Any CPU.Build.0 = Release|Any CPU
	EndGlobalSection
	GlobalSection(SolutionProperties) = preSolution
		HideSolutionNode = FALSE
	EndGlobalSection
	GlobalSection(ExtensibilityGlobals) = postSolution
		SolutionGuid = {F824FCCE-A695-4E8B-9C87-A2BF95E668FC}
	EndGlobalSection
EndGlobal
